
Microsoft Visual Studio Solution File, Format Version 12.00
# Visual Studio Version 16
VisualStudioVersion = 16.0.30907.101
MinimumVisualStudioVersion = 10.0.40219.1
Project("{FAE04EC0-301F-11D3-BF4B-00C04F79EFBC}") = "Társalgó", "Társalgó\Társalgó.csproj", "{4C5F6E57-575F-4CED-9E67-E6AED897B9FC}"
EndProject
Global
	GlobalSection(SolutionConfigurationPlatforms) = preSolution
		Debug|Any CPU = Debug|Any CPU
		Release|Any CPU = Release|Any CPU
	EndGlobalSection
	GlobalSection(ProjectConfigurationPlatforms) = postSolution
		{4C5F6E57-575F-4CED-9E67-E6AED897B9FC}.Debug|Any CPU.ActiveCfg = Debug|Any CPU
		{4C5F6E57-575F-4CED-9E67-E6AED897B9FC}.Debug|Any CPU.Build.0 = Debug|Any CPU
		{4C5F6E57-575F-4CED-9E67-E6AED897B9FC}.Release|Any CPU.ActiveCfg = Release|Any CPU
		{4C5F6E57-575F-4CED-9E67-E6AED897B9FC}.Release|Any CPU.Build.0 = Release|Any CPU
	EndGlobalSection
	GlobalSection(SolutionProperties) = preSolution
		HideSolutionNode = FALSE
	EndGlobalSection
	GlobalSection(ExtensibilityGlobals) = postSolution
		SolutionGuid = {83B4984A-25AC-43B6-8F85-306E8A5CEE1C}
	EndGlobalSection
EndGlobal
